
Microsoft Visual Studio Solution File, Format Version 12.00
Project("{FAE04EC0-301F-11D3-BF4B-00C04F79EFBC}") = "MacroSpammer", "MacroSpammer\MacroSpammer.csproj", "{2735EDAB-F4AA-42F9-B193-D76218DB9DF7}"
EndProject
Project("{FAE04EC0-301F-11D3-BF4B-00C04F79EFBC}") = "MacroSpammer.Tests", "MacroSpammer.Tests\MacroSpammer.Tests.csproj", "{A1FF836B-10C1-4A34-953C-80C86FAEE19F}"
EndProject
Global
	GlobalSection(SolutionConfigurationPlatforms) = preSolution
		Debug|Any CPU = Debug|Any CPU
		Debug|x64 = Debug|x64
		Debug|x86 = Debug|x86
		Release|Any CPU = Release|Any CPU
		Release|x64 = Release|x64
		Release|x86 = Release|x86
	EndGlobalSection
	GlobalSection(ProjectConfigurationPlatforms) = postSolution
		{2735EDAB-F4AA-42F9-B193-D76218DB9DF7}.Debug|Any CPU.ActiveCfg = Debug|Any CPU
		{2735EDAB-F4AA-42F9-B193-D76218DB9DF7}.Debug|Any CPU.Build.0 = Debug|Any CPU
		{2735EDAB-F4AA-42F9-B193-D76218DB9DF7}.Debug|x64.ActiveCfg = Debug|Any CPU
		{2735EDAB-F4AA-42F9-B193-D76218DB9DF7}.Debug|x64.Build.0 = Debug|Any CPU
		{2735EDAB-F4AA-42F9-B193-D76218DB9DF7}.Debug|x86.ActiveCfg = Debug|Any CPU
		{2735EDAB-F4AA-42F9-B193-D76218DB9DF7}.Debug|x86.Build.0 = Debug|Any CPU
		{2735EDAB-F4AA-42F9-B193-D76218DB9DF7}.Release|Any CPU.ActiveCfg = Release|Any CPU
		{2735EDAB-F4AA-42F9-B193-D76218DB9DF7}.Release|Any CPU.Build.0 = Release|Any CPU
		{2735EDAB-F4AA-42F9-B193-D76218DB9DF7}.Release|x64.ActiveCfg = Release|Any CPU
		{2735EDAB-F4AA-42F9-B193-D76218DB9DF7}.Release|x64.Build.0 = Release|Any CPU
		{2735EDAB-F4AA-42F9-B193-D76218DB9DF7}.Release|x86.ActiveCfg = Release|Any CPU
		{2735EDAB-F4AA-42F9-B193-D76218DB9DF7}.Release|x86.Build.0 = Release|Any CPU
		{A1FF836B-10C1-4A34-953C-80C86FAEE19F}.Debug|Any CPU.ActiveCfg = Debug|Any CPU
		{A1FF836B-10C1-4A34-953C-80C86FAEE19F}.Debug|Any CPU.Build.0 = Debug|Any CPU
		{A1FF836B-10C1-4A34-953C-80C86FAEE19F}.Debug|x64.ActiveCfg = Debug|Any CPU
		{A1FF836B-10C1-4A34-953C-80C86FAEE19F}.Debug|x64.Build.0 = Debug|Any CPU
		{A1FF836B-10C1-4A34-953C-80C86FAEE19F}.Debug|x86.ActiveCfg = Debug|Any CPU
		{A1FF836B-10C1-4A34-953C-80C86FAEE19F}.Debug|x86.Build.0 = Debug|Any CPU
		{A1FF836B-10C1-4A34-953C-80C86FAEE19F}.Release|Any CPU.ActiveCfg = Release|Any CPU
		{A1FF836B-10C1-4A34-953C-80C86FAEE19F}.Release|Any CPU.Build.0 = Release|Any CPU
		{A1FF836B-10C1-4A34-953C-80C86FAEE19F}.Release|x64.ActiveCfg = Release|Any CPU
		{A1FF836B-10C1-4A34-953C-80C86FAEE19F}.Release|x64.Build.0 = Release|Any CPU
		{A1FF836B-10C1-4A34-953C-80C86FAEE19F}.Release|x86.ActiveCfg = Release|Any CPU
		{A1FF836B-10C1-4A34-953C-80C86FAEE19F}.Release|x86.Build.0 = Release|Any CPU
	EndGlobalSection
	GlobalSection(SolutionProperties) = preSolution
		HideSolutionNode = FALSE
	EndGlobalSection
EndGlobal
